
Microsoft Visual Studio Solution File, Format Version 12.00
Project("{FAE04EC0-301F-11D3-BF4B-00C04F79EFBC}") = "GreetingKataTest", "GreetingKataTest\GreetingKataTest.csproj", "{56A748EC-BA14-4254-9BC4-4C652BDDAB0E}"
EndProject
Project("{FAE04EC0-301F-11D3-BF4B-00C04F79EFBC}") = "GreetingKata", "GreetingKata\GreetingKata.csproj", "{DC581A64-A623-4201-BB6F-7F12F05D6496}"
EndProject
Project("{2150E333-8FDC-42A3-9474-1A3956D46DE8}") = "GreetingKata", "GreetingKata", "{22461DFE-02DA-4D20-856F-828C85FFAA12}"
EndProject
Project("{2150E333-8FDC-42A3-9474-1A3956D46DE8}") = "StringCalculator", "StringCalculator", "{3961C423-5502-4CBB-BB76-E35748CF1070}"
EndProject
Project("{FAE04EC0-301F-11D3-BF4B-00C04F79EFBC}") = "StringCalculator", "StringCalculator\StringCalculator.csproj", "{1CB75825-3383-4A19-9446-3AACCD2183C5}"
EndProject
Project("{FAE04EC0-301F-11D3-BF4B-00C04F79EFBC}") = "TestStringCalculator", "TestStringCalculator\TestStringCalculator\TestStringCalculator.csproj", "{4FC825E9-4FDD-4CA9-9B5E-9333C46C7E5C}"
EndProject
Project("{FAE04EC0-301F-11D3-BF4B-00C04F79EFBC}") = "RomanToDecimal", "RomanToDecimal\RomanToDecimal.csproj", "{0FA343D8-D237-49A4-8B45-CE4E42E11BE1}"
EndProject
Project("{2150E333-8FDC-42A3-9474-1A3956D46DE8}") = "RomanToDecimal", "RomanToDecimal", "{33C64385-69DD-4F38-83B5-5DD5C9F7E124}"
EndProject
Project("{FAE04EC0-301F-11D3-BF4B-00C04F79EFBC}") = "TestRomanToDecimal", "TestRomanToDecimal\TestRomanToDecimal.csproj", "{AE7B4BBC-75DE-4EE2-816D-0F8CEAF83AB3}"
EndProject
Project("{FAE04EC0-301F-11D3-BF4B-00C04F79EFBC}") = "Utilities", "Utilities\Utilities.csproj", "{D5180F67-9B78-4292-BD03-58C4D3DA3FB0}"
EndProject
Project("{2150E333-8FDC-42A3-9474-1A3956D46DE8}") = "Libraries", "Libraries", "{97EE7531-3E45-44CE-B520-73D0ADE05E09}"
EndProject
Project("{2150E333-8FDC-42A3-9474-1A3956D46DE8}") = "FizzBuzz", "FizzBuzz", "{86F63221-297D-4343-865D-00F8E601DA93}"
EndProject
Project("{FAE04EC0-301F-11D3-BF4B-00C04F79EFBC}") = "TestFizzBuzz", "TestFizzBuzz\TestFizzBuzz.csproj", "{D1C0CAD0-698A-4D2F-82DA-DC0ACC7D6982}"
EndProject
Project("{FAE04EC0-301F-11D3-BF4B-00C04F79EFBC}") = "FizzBuzz", "FizzBuzz\FizzBuzz\FizzBuzz.csproj", "{7C2D5733-7A08-419C-A8E3-B3820A00C1BD}"
EndProject
Project("{FAE04EC0-301F-11D3-BF4B-00C04F79EFBC}") = "MarkovChainTextGenerator", "MarkovChainTextGenerator\MarkovChainTextGenerator.csproj", "{451651EF-6EA1-40F6-BC3B-EF05F554EF97}"
EndProject
Project("{FAE04EC0-301F-11D3-BF4B-00C04F79EFBC}") = "TestMarkovChain", "TestMarkovChain\TestMarkovChain.csproj", "{A09AA852-3471-47AC-9F87-5D86F188D421}"
EndProject
Project("{2150E333-8FDC-42A3-9474-1A3956D46DE8}") = "MarkovChain", "MarkovChain", "{B11F326C-2BC7-48BD-92F6-0B73C3A029E5}"
EndProject
Project("{FAE04EC0-301F-11D3-BF4B-00C04F79EFBC}") = "ConsoleStone", "ConsoleStone\ConsoleStone.csproj", "{F9EB6F30-DFAF-40EB-BCDF-DB540C1E17E9}"
EndProject
Project("{FAE04EC0-301F-11D3-BF4B-00C04F79EFBC}") = "TestConsoleStone", "TestConsoleStone\TestConsoleStone.csproj", "{7A891CBC-1FFE-4238-B2E1-B0DEC242C199}"
EndProject
Project("{2150E333-8FDC-42A3-9474-1A3956D46DE8}") = "ConsoleStone", "ConsoleStone", "{D144CAD3-40BD-437A-907F-C51A600C0C79}"
EndProject
Project("{2150E333-8FDC-42A3-9474-1A3956D46DE8}") = "Brackets", "Brackets", "{2B1CC4AB-9741-4378-8C93-FE650489BC3D}"
EndProject
Project("{FAE04EC0-301F-11D3-BF4B-00C04F79EFBC}") = "TestBrackets", "Brackets\TestBrackets\TestBrackets.csproj", "{1C63E93E-1DCD-4003-B86A-1D5AD8CE9714}"
EndProject
Project("{FAE04EC0-301F-11D3-BF4B-00C04F79EFBC}") = "Brackets", "Brackets\Brackets\Brackets.csproj", "{70B9D4CC-F8E0-4006-8A7F-1B8C4DCC26F2}"
EndProject
Project("{FAE04EC0-301F-11D3-BF4B-00C04F79EFBC}") = "FluentCalculator", "FluentCalculator\FluentCalculator.csproj", "{9653D935-6D3D-44F6-9EDC-449ADB959878}"
EndProject
Project("{2150E333-8FDC-42A3-9474-1A3956D46DE8}") = "Fluent", "Fluent", "{EB26451B-865F-4AFB-A132-C4BCB737696B}"
EndProject
Project("{FAE04EC0-301F-11D3-BF4B-00C04F79EFBC}") = "TestFluentCalculator", "TestFluentCalculator\TestFluentCalculator.csproj", "{025AAF77-A622-4E9F-9413-B8647296A404}"
EndProject
Global
	GlobalSection(SolutionConfigurationPlatforms) = preSolution
		Debug|Any CPU = Debug|Any CPU
		Release|Any CPU = Release|Any CPU
	EndGlobalSection
	GlobalSection(ProjectConfigurationPlatforms) = postSolution
		{56A748EC-BA14-4254-9BC4-4C652BDDAB0E}.Debug|Any CPU.ActiveCfg = Debug|Any CPU
		{56A748EC-BA14-4254-9BC4-4C652BDDAB0E}.Debug|Any CPU.Build.0 = Debug|Any CPU
		{56A748EC-BA14-4254-9BC4-4C652BDDAB0E}.Release|Any CPU.ActiveCfg = Release|Any CPU
		{56A748EC-BA14-4254-9BC4-4C652BDDAB0E}.Release|Any CPU.Build.0 = Release|Any CPU
		{DC581A64-A623-4201-BB6F-7F12F05D6496}.Debug|Any CPU.ActiveCfg = Debug|Any CPU
		{DC581A64-A623-4201-BB6F-7F12F05D6496}.Debug|Any CPU.Build.0 = Debug|Any CPU
		{DC581A64-A623-4201-BB6F-7F12F05D6496}.Release|Any CPU.ActiveCfg = Release|Any CPU
		{DC581A64-A623-4201-BB6F-7F12F05D6496}.Release|Any CPU.Build.0 = Release|Any CPU
		{1CB75825-3383-4A19-9446-3AACCD2183C5}.Debug|Any CPU.ActiveCfg = Debug|Any CPU
		{1CB75825-3383-4A19-9446-3AACCD2183C5}.Debug|Any CPU.Build.0 = Debug|Any CPU
		{1CB75825-3383-4A19-9446-3AACCD2183C5}.Release|Any CPU.ActiveCfg = Release|Any CPU
		{1CB75825-3383-4A19-9446-3AACCD2183C5}.Release|Any CPU.Build.0 = Release|Any CPU
		{4FC825E9-4FDD-4CA9-9B5E-9333C46C7E5C}.Debug|Any CPU.ActiveCfg = Debug|Any CPU
		{4FC825E9-4FDD-4CA9-9B5E-9333C46C7E5C}.Debug|Any CPU.Build.0 = Debug|Any CPU
		{4FC825E9-4FDD-4CA9-9B5E-9333C46C7E5C}.Release|Any CPU.ActiveCfg = Release|Any CPU
		{4FC825E9-4FDD-4CA9-9B5E-9333C46C7E5C}.Release|Any CPU.Build.0 = Release|Any CPU
		{0FA343D8-D237-49A4-8B45-CE4E42E11BE1}.Debug|Any CPU.ActiveCfg = Debug|Any CPU
		{0FA343D8-D237-49A4-8B45-CE4E42E11BE1}.Debug|Any CPU.Build.0 = Debug|Any CPU
		{0FA343D8-D237-49A4-8B45-CE4E42E11BE1}.Release|Any CPU.ActiveCfg = Release|Any CPU
		{0FA343D8-D237-49A4-8B45-CE4E42E11BE1}.Release|Any CPU.Build.0 = Release|Any CPU
		{AE7B4BBC-75DE-4EE2-816D-0F8CEAF83AB3}.Debug|Any CPU.ActiveCfg = Debug|Any CPU
		{AE7B4BBC-75DE-4EE2-816D-0F8CEAF83AB3}.Debug|Any CPU.Build.0 = Debug|Any CPU
		{AE7B4BBC-75DE-4EE2-816D-0F8CEAF83AB3}.Release|Any CPU.ActiveCfg = Release|Any CPU
		{AE7B4BBC-75DE-4EE2-816D-0F8CEAF83AB3}.Release|Any CPU.Build.0 = Release|Any CPU
		{D5180F67-9B78-4292-BD03-58C4D3DA3FB0}.Debug|Any CPU.ActiveCfg = Debug|Any CPU
		{D5180F67-9B78-4292-BD03-58C4D3DA3FB0}.Debug|Any CPU.Build.0 = Debug|Any CPU
		{D5180F67-9B78-4292-BD03-58C4D3DA3FB0}.Release|Any CPU.ActiveCfg = Release|Any CPU
		{D5180F67-9B78-4292-BD03-58C4D3DA3FB0}.Release|Any CPU.Build.0 = Release|Any CPU
		{D1C0CAD0-698A-4D2F-82DA-DC0ACC7D6982}.Debug|Any CPU.ActiveCfg = Debug|Any CPU
		{D1C0CAD0-698A-4D2F-82DA-DC0ACC7D6982}.Debug|Any CPU.Build.0 = Debug|Any CPU
		{D1C0CAD0-698A-4D2F-82DA-DC0ACC7D6982}.Release|Any CPU.ActiveCfg = Release|Any CPU
		{D1C0CAD0-698A-4D2F-82DA-DC0ACC7D6982}.Release|Any CPU.Build.0 = Release|Any CPU
		{7C2D5733-7A08-419C-A8E3-B3820A00C1BD}.Debug|Any CPU.ActiveCfg = Debug|Any CPU
		{7C2D5733-7A08-419C-A8E3-B3820A00C1BD}.Debug|Any CPU.Build.0 = Debug|Any CPU
		{7C2D5733-7A08-419C-A8E3-B3820A00C1BD}.Release|Any CPU.ActiveCfg = Release|Any CPU
		{7C2D5733-7A08-419C-A8E3-B3820A00C1BD}.Release|Any CPU.Build.0 = Release|Any CPU
		{451651EF-6EA1-40F6-BC3B-EF05F554EF97}.Debug|Any CPU.ActiveCfg = Debug|Any CPU
		{451651EF-6EA1-40F6-BC3B-EF05F554EF97}.Debug|Any CPU.Build.0 = Debug|Any CPU
		{451651EF-6EA1-40F6-BC3B-EF05F554EF97}.Release|Any CPU.ActiveCfg = Release|Any CPU
		{451651EF-6EA1-40F6-BC3B-EF05F554EF97}.Release|Any CPU.Build.0 = Release|Any CPU
		{A09AA852-3471-47AC-9F87-5D86F188D421}.Debug|Any CPU.ActiveCfg = Debug|Any CPU
		{A09AA852-3471-47AC-9F87-5D86F188D421}.Debug|Any CPU.Build.0 = Debug|Any CPU
		{A09AA852-3471-47AC-9F87-5D86F188D421}.Release|Any CPU.ActiveCfg = Release|Any CPU
		{A09AA852-3471-47AC-9F87-5D86F188D421}.Release|Any CPU.Build.0 = Release|Any CPU
		{F9EB6F30-DFAF-40EB-BCDF-DB540C1E17E9}.Debug|Any CPU.ActiveCfg = Debug|Any CPU
		{F9EB6F30-DFAF-40EB-BCDF-DB540C1E17E9}.Debug|Any CPU.Build.0 = Debug|Any CPU
		{F9EB6F30-DFAF-40EB-BCDF-DB540C1E17E9}.Release|Any CPU.ActiveCfg = Release|Any CPU
		{F9EB6F30-DFAF-40EB-BCDF-DB540C1E17E9}.Release|Any CPU.Build.0 = Release|Any CPU
		{7A891CBC-1FFE-4238-B2E1-B0DEC242C199}.Debug|Any CPU.ActiveCfg = Debug|Any CPU
		{7A891CBC-1FFE-4238-B2E1-B0DEC242C199}.Debug|Any CPU.Build.0 = Debug|Any CPU
		{7A891CBC-1FFE-4238-B2E1-B0DEC242C199}.Release|Any CPU.ActiveCfg = Release|Any CPU
		{7A891CBC-1FFE-4238-B2E1-B0DEC242C199}.Release|Any CPU.Build.0 = Release|Any CPU
		{1C63E93E-1DCD-4003-B86A-1D5AD8CE9714}.Debug|Any CPU.ActiveCfg = Debug|Any CPU
		{1C63E93E-1DCD-4003-B86A-1D5AD8CE9714}.Debug|Any CPU.Build.0 = Debug|Any CPU
		{1C63E93E-1DCD-4003-B86A-1D5AD8CE9714}.Release|Any CPU.ActiveCfg = Release|Any CPU
		{1C63E93E-1DCD-4003-B86A-1D5AD8CE9714}.Release|Any CPU.Build.0 = Release|Any CPU
		{70B9D4CC-F8E0-4006-8A7F-1B8C4DCC26F2}.Debug|Any CPU.ActiveCfg = Debug|Any CPU
		{70B9D4CC-F8E0-4006-8A7F-1B8C4DCC26F2}.Debug|Any CPU.Build.0 = Debug|Any CPU
		{70B9D4CC-F8E0-4006-8A7F-1B8C4DCC26F2}.Release|Any CPU.ActiveCfg = Release|Any CPU
		{70B9D4CC-F8E0-4006-8A7F-1B8C4DCC26F2}.Release|Any CPU.Build.0 = Release|Any CPU
		{9653D935-6D3D-44F6-9EDC-449ADB959878}.Debug|Any CPU.ActiveCfg = Debug|Any CPU
		{9653D935-6D3D-44F6-9EDC-449ADB959878}.Debug|Any CPU.Build.0 = Debug|Any CPU
		{9653D935-6D3D-44F6-9EDC-449ADB959878}.Release|Any CPU.ActiveCfg = Release|Any CPU
		{9653D935-6D3D-44F6-9EDC-449ADB959878}.Release|Any CPU.Build.0 = Release|Any CPU
		{025AAF77-A622-4E9F-9413-B8647296A404}.Debug|Any CPU.ActiveCfg = Debug|Any CPU
		{025AAF77-A622-4E9F-9413-B8647296A404}.Debug|Any CPU.Build.0 = Debug|Any CPU
		{025AAF77-A622-4E9F-9413-B8647296A404}.Release|Any CPU.ActiveCfg = Release|Any CPU
		{025AAF77-A622-4E9F-9413-B8647296A404}.Release|Any CPU.Build.0 = Release|Any CPU
	EndGlobalSection
	GlobalSection(NestedProjects) = preSolution
		{DC581A64-A623-4201-BB6F-7F12F05D6496} = {22461DFE-02DA-4D20-856F-828C85FFAA12}
		{56A748EC-BA14-4254-9BC4-4C652BDDAB0E} = {22461DFE-02DA-4D20-856F-828C85FFAA12}
		{1CB75825-3383-4A19-9446-3AACCD2183C5} = {3961C423-5502-4CBB-BB76-E35748CF1070}
		{4FC825E9-4FDD-4CA9-9B5E-9333C46C7E5C} = {3961C423-5502-4CBB-BB76-E35748CF1070}
		{0FA343D8-D237-49A4-8B45-CE4E42E11BE1} = {33C64385-69DD-4F38-83B5-5DD5C9F7E124}
		{AE7B4BBC-75DE-4EE2-816D-0F8CEAF83AB3} = {33C64385-69DD-4F38-83B5-5DD5C9F7E124}
		{D5180F67-9B78-4292-BD03-58C4D3DA3FB0} = {97EE7531-3E45-44CE-B520-73D0ADE05E09}
		{D1C0CAD0-698A-4D2F-82DA-DC0ACC7D6982} = {86F63221-297D-4343-865D-00F8E601DA93}
		{7C2D5733-7A08-419C-A8E3-B3820A00C1BD} = {86F63221-297D-4343-865D-00F8E601DA93}
		{451651EF-6EA1-40F6-BC3B-EF05F554EF97} = {B11F326C-2BC7-48BD-92F6-0B73C3A029E5}
		{A09AA852-3471-47AC-9F87-5D86F188D421} = {B11F326C-2BC7-48BD-92F6-0B73C3A029E5}
		{F9EB6F30-DFAF-40EB-BCDF-DB540C1E17E9} = {D144CAD3-40BD-437A-907F-C51A600C0C79}
		{7A891CBC-1FFE-4238-B2E1-B0DEC242C199} = {D144CAD3-40BD-437A-907F-C51A600C0C79}
		{1C63E93E-1DCD-4003-B86A-1D5AD8CE9714} = {2B1CC4AB-9741-4378-8C93-FE650489BC3D}
		{70B9D4CC-F8E0-4006-8A7F-1B8C4DCC26F2} = {2B1CC4AB-9741-4378-8C93-FE650489BC3D}
		{9653D935-6D3D-44F6-9EDC-449ADB959878} = {EB26451B-865F-4AFB-A132-C4BCB737696B}
		{025AAF77-A622-4E9F-9413-B8647296A404} = {EB26451B-865F-4AFB-A132-C4BCB737696B}
	EndGlobalSection
EndGlobal
