
Microsoft Visual Studio Solution File, Format Version 12.00
Project("{FAE04EC0-301F-11D3-BF4B-00C04F79EFBC}") = "GreetingKataTest", "GreetingKataTest\GreetingKataTest.csproj", "{56A748EC-BA14-4254-9BC4-4C652BDDAB0E}"
EndProject
Project("{FAE04EC0-301F-11D3-BF4B-00C04F79EFBC}") = "GreetingKata", "GreetingKata\GreetingKata.csproj", "{DC581A64-A623-4201-BB6F-7F12F05D6496}"
EndProject
Project("{2150E333-8FDC-42A3-9474-1A3956D46DE8}") = "GreetingKata", "GreetingKata", "{22461DFE-02DA-4D20-856F-828C85FFAA12}"
EndProject
Project("{2150E333-8FDC-42A3-9474-1A3956D46DE8}") = "StringCalculator", "StringCalculator", "{3961C423-5502-4CBB-BB76-E35748CF1070}"
EndProject
Project("{FAE04EC0-301F-11D3-BF4B-00C04F79EFBC}") = "StringCalculator", "StringCalculator\StringCalculator.csproj", "{1CB75825-3383-4A19-9446-3AACCD2183C5}"
EndProject
Project("{FAE04EC0-301F-11D3-BF4B-00C04F79EFBC}") = "TestStringCalculator", "TestStringCalculator\TestStringCalculator\TestStringCalculator.csproj", "{4FC825E9-4FDD-4CA9-9B5E-9333C46C7E5C}"
EndProject
Project("{FAE04EC0-301F-11D3-BF4B-00C04F79EFBC}") = "RomanToDecimal", "RomanToDecimal\RomanToDecimal.csproj", "{0FA343D8-D237-49A4-8B45-CE4E42E11BE1}"
EndProject
Project("{2150E333-8FDC-42A3-9474-1A3956D46DE8}") = "RomanToDecimal", "RomanToDecimal", "{33C64385-69DD-4F38-83B5-5DD5C9F7E124}"
EndProject
Project("{FAE04EC0-301F-11D3-BF4B-00C04F79EFBC}") = "TestRomanToDecimal", "TestRomanToDecimal\TestRomanToDecimal.csproj", "{AE7B4BBC-75DE-4EE2-816D-0F8CEAF83AB3}"
EndProject
Global
	GlobalSection(SolutionConfigurationPlatforms) = preSolution
		Debug|Any CPU = Debug|Any CPU
		Release|Any CPU = Release|Any CPU
	EndGlobalSection
	GlobalSection(ProjectConfigurationPlatforms) = postSolution
		{56A748EC-BA14-4254-9BC4-4C652BDDAB0E}.Debug|Any CPU.ActiveCfg = Debug|Any CPU
		{56A748EC-BA14-4254-9BC4-4C652BDDAB0E}.Debug|Any CPU.Build.0 = Debug|Any CPU
		{56A748EC-BA14-4254-9BC4-4C652BDDAB0E}.Release|Any CPU.ActiveCfg = Release|Any CPU
		{56A748EC-BA14-4254-9BC4-4C652BDDAB0E}.Release|Any CPU.Build.0 = Release|Any CPU
		{DC581A64-A623-4201-BB6F-7F12F05D6496}.Debug|Any CPU.ActiveCfg = Debug|Any CPU
		{DC581A64-A623-4201-BB6F-7F12F05D6496}.Debug|Any CPU.Build.0 = Debug|Any CPU
		{DC581A64-A623-4201-BB6F-7F12F05D6496}.Release|Any CPU.ActiveCfg = Release|Any CPU
		{DC581A64-A623-4201-BB6F-7F12F05D6496}.Release|Any CPU.Build.0 = Release|Any CPU
		{1CB75825-3383-4A19-9446-3AACCD2183C5}.Debug|Any CPU.ActiveCfg = Debug|Any CPU
		{1CB75825-3383-4A19-9446-3AACCD2183C5}.Debug|Any CPU.Build.0 = Debug|Any CPU
		{1CB75825-3383-4A19-9446-3AACCD2183C5}.Release|Any CPU.ActiveCfg = Release|Any CPU
		{1CB75825-3383-4A19-9446-3AACCD2183C5}.Release|Any CPU.Build.0 = Release|Any CPU
		{4FC825E9-4FDD-4CA9-9B5E-9333C46C7E5C}.Debug|Any CPU.ActiveCfg = Debug|Any CPU
		{4FC825E9-4FDD-4CA9-9B5E-9333C46C7E5C}.Debug|Any CPU.Build.0 = Debug|Any CPU
		{4FC825E9-4FDD-4CA9-9B5E-9333C46C7E5C}.Release|Any CPU.ActiveCfg = Release|Any CPU
		{4FC825E9-4FDD-4CA9-9B5E-9333C46C7E5C}.Release|Any CPU.Build.0 = Release|Any CPU
		{0FA343D8-D237-49A4-8B45-CE4E42E11BE1}.Debug|Any CPU.ActiveCfg = Debug|Any CPU
		{0FA343D8-D237-49A4-8B45-CE4E42E11BE1}.Debug|Any CPU.Build.0 = Debug|Any CPU
		{0FA343D8-D237-49A4-8B45-CE4E42E11BE1}.Release|Any CPU.ActiveCfg = Release|Any CPU
		{0FA343D8-D237-49A4-8B45-CE4E42E11BE1}.Release|Any CPU.Build.0 = Release|Any CPU
		{AE7B4BBC-75DE-4EE2-816D-0F8CEAF83AB3}.Debug|Any CPU.ActiveCfg = Debug|Any CPU
		{AE7B4BBC-75DE-4EE2-816D-0F8CEAF83AB3}.Debug|Any CPU.Build.0 = Debug|Any CPU
		{AE7B4BBC-75DE-4EE2-816D-0F8CEAF83AB3}.Release|Any CPU.ActiveCfg = Release|Any CPU
		{AE7B4BBC-75DE-4EE2-816D-0F8CEAF83AB3}.Release|Any CPU.Build.0 = Release|Any CPU
	EndGlobalSection
	GlobalSection(NestedProjects) = preSolution
		{DC581A64-A623-4201-BB6F-7F12F05D6496} = {22461DFE-02DA-4D20-856F-828C85FFAA12}
		{56A748EC-BA14-4254-9BC4-4C652BDDAB0E} = {22461DFE-02DA-4D20-856F-828C85FFAA12}
		{1CB75825-3383-4A19-9446-3AACCD2183C5} = {3961C423-5502-4CBB-BB76-E35748CF1070}
		{4FC825E9-4FDD-4CA9-9B5E-9333C46C7E5C} = {3961C423-5502-4CBB-BB76-E35748CF1070}
		{0FA343D8-D237-49A4-8B45-CE4E42E11BE1} = {33C64385-69DD-4F38-83B5-5DD5C9F7E124}
		{AE7B4BBC-75DE-4EE2-816D-0F8CEAF83AB3} = {33C64385-69DD-4F38-83B5-5DD5C9F7E124}
	EndGlobalSection
EndGlobal
